
Microsoft Visual Studio Solution File, Format Version 12.00
# Visual Studio Version 17
VisualStudioVersion = 17.1.32414.318
MinimumVisualStudioVersion = 10.0.40219.1
Project("{FAE04EC0-301F-11D3-BF4B-00C04F79EFBC}") = "ProyectoFinal-Danne", "ProyectoFinal-Danne\ProyectoFinal-Danne.csproj", "{BF034C50-386E-473E-98B9-723FD3251BCA}"
EndProject
Global
	GlobalSection(SolutionConfigurationPlatforms) = preSolution
		Debug|Any CPU = Debug|Any CPU
		Release|Any CPU = Release|Any CPU
	EndGlobalSection
	GlobalSection(ProjectConfigurationPlatforms) = postSolution
		{BF034C50-386E-473E-98B9-723FD3251BCA}.Debug|Any CPU.ActiveCfg = Debug|Any CPU
		{BF034C50-386E-473E-98B9-723FD3251BCA}.Debug|Any CPU.Build.0 = Debug|Any CPU
		{BF034C50-386E-473E-98B9-723FD3251BCA}.Release|Any CPU.ActiveCfg = Release|Any CPU
		{BF034C50-386E-473E-98B9-723FD3251BCA}.Release|Any CPU.Build.0 = Release|Any CPU
	EndGlobalSection
	GlobalSection(SolutionProperties) = preSolution
		HideSolutionNode = FALSE
	EndGlobalSection
	GlobalSection(ExtensibilityGlobals) = postSolution
		SolutionGuid = {C6C486D0-59C2-4BF5-A97C-970DBD372537}
	EndGlobalSection
EndGlobal
